// !$*UTF8*$!
{
	archiveVersion = 1;
	classes = {
	};
	objectVersion = 46;
	objects = {

/* Begin PBXBuildFile section */
		00BBF1F21F1C7D4700C0C4B5 /* AppDelegate.swift in Sources */ = {isa = PBXBuildFile; fileRef = 00BBF1F11F1C7D4700C0C4B5 /* AppDelegate.swift */; };
		00BBF1F41F1C7D4700C0C4B5 /* ViewController.swift in Sources */ = {isa = PBXBuildFile; fileRef = 00BBF1F31F1C7D4700C0C4B5 /* ViewController.swift */; };
		00BBF1F71F1C7D4700C0C4B5 /* Main.storyboard in Resources */ = {isa = PBXBuildFile; fileRef = 00BBF1F51F1C7D4700C0C4B5 /* Main.storyboard */; };
		00BBF1F91F1C7D4700C0C4B5 /* Assets.xcassets in Resources */ = {isa = PBXBuildFile; fileRef = 00BBF1F81F1C7D4700C0C4B5 /* Assets.xcassets */; };
		00BBF1FC1F1C7D4700C0C4B5 /* LaunchScreen.storyboard in Resources */ = {isa = PBXBuildFile; fileRef = 00BBF1FA1F1C7D4700C0C4B5 /* LaunchScreen.storyboard */; };
		00BBF2071F1C7D4700C0C4B5 /* WeatherLustTests.swift in Sources */ = {isa = PBXBuildFile; fileRef = 00BBF2061F1C7D4700C0C4B5 /* WeatherLustTests.swift */; };
		00BBF2121F1C7D4700C0C4B5 /* WeatherLustUITests.swift in Sources */ = {isa = PBXBuildFile; fileRef = 00BBF2111F1C7D4700C0C4B5 /* WeatherLustUITests.swift */; };
		0D199C1F73911405641A3917 /* Pods_WeatherLust.framework in Frameworks */ = {isa = PBXBuildFile; fileRef = DB92145D8C7ECC7712DE3414 /* Pods_WeatherLust.framework */; };
		8C954804EBEF7CA56B421FD1 /* Pods_WeatherLustTests.framework in Frameworks */ = {isa = PBXBuildFile; fileRef = 2E400ED257D714FD534AA198 /* Pods_WeatherLustTests.framework */; };
		FEAE322ED6F164C0A4F16217 /* Pods_WeatherLustUITests.framework in Frameworks */ = {isa = PBXBuildFile; fileRef = 69369CC61F1C759557ABE4A7 /* Pods_WeatherLustUITests.framework */; };
/* End PBXBuildFile section */

/* Begin PBXContainerItemProxy section */
		00BBF2031F1C7D4700C0C4B5 /* PBXContainerItemProxy */ = {
			isa = PBXContainerItemProxy;
			containerPortal = 00BBF1E61F1C7D4700C0C4B5 /* Project object */;
			proxyType = 1;
			remoteGlobalIDString = 00BBF1ED1F1C7D4700C0C4B5;
			remoteInfo = WeatherLust;
		};
		00BBF20E1F1C7D4700C0C4B5 /* PBXContainerItemProxy */ = {
			isa = PBXContainerItemProxy;
			containerPortal = 00BBF1E61F1C7D4700C0C4B5 /* Project object */;
			proxyType = 1;
			remoteGlobalIDString = 00BBF1ED1F1C7D4700C0C4B5;
			remoteInfo = WeatherLust;
		};
/* End PBXContainerItemProxy section */

/* Begin PBXFileReference section */
		00BBF1EE1F1C7D4700C0C4B5 /* WeatherLust.app */ = {isa = PBXFileReference; explicitFileType = wrapper.application; includeInIndex = 0; path = WeatherLust.app; sourceTree = BUILT_PRODUCTS_DIR; };
		00BBF1F11F1C7D4700C0C4B5 /* AppDelegate.swift */ = {isa = PBXFileReference; lastKnownFileType = sourcecode.swift; path = AppDelegate.swift; sourceTree = "<group>"; };
		00BBF1F31F1C7D4700C0C4B5 /* ViewController.swift */ = {isa = PBXFileReference; lastKnownFileType = sourcecode.swift; path = ViewController.swift; sourceTree = "<group>"; };
		00BBF1F61F1C7D4700C0C4B5 /* Base */ = {isa = PBXFileReference; lastKnownFileType = file.storyboard; name = Base; path = Base.lproj/Main.storyboard; sourceTree = "<group>"; };
		00BBF1F81F1C7D4700C0C4B5 /* Assets.xcassets */ = {isa = PBXFileReference; lastKnownFileType = folder.assetcatalog; path = Assets.xcassets; sourceTree = "<group>"; };
		00BBF1FB1F1C7D4700C0C4B5 /* Base */ = {isa = PBXFileReference; lastKnownFileType = file.storyboard; name = Base; path = Base.lproj/LaunchScreen.storyboard; sourceTree = "<group>"; };
		00BBF1FD1F1C7D4700C0C4B5 /* Info.plist */ = {isa = PBXFileReference; lastKnownFileType = text.plist.xml; path = Info.plist; sourceTree = "<group>"; };
		00BBF2021F1C7D4700C0C4B5 /* WeatherLustTests.xctest */ = {isa = PBXFileReference; explicitFileType = wrapper.cfbundle; includeInIndex = 0; path = WeatherLustTests.xctest; sourceTree = BUILT_PRODUCTS_DIR; };
		00BBF2061F1C7D4700C0C4B5 /* WeatherLustTests.swift */ = {isa = PBXFileReference; lastKnownFileType = sourcecode.swift; path = WeatherLustTests.swift; sourceTree = "<group>"; };
		00BBF2081F1C7D4700C0C4B5 /* Info.plist */ = {isa = PBXFileReference; lastKnownFileType = text.plist.xml; path = Info.plist; sourceTree = "<group>"; };
		00BBF20D1F1C7D4700C0C4B5 /* WeatherLustUITests.xctest */ = {isa = PBXFileReference; explicitFileType = wrapper.cfbundle; includeInIndex = 0; path = WeatherLustUITests.xctest; sourceTree = BUILT_PRODUCTS_DIR; };
		00BBF2111F1C7D4700C0C4B5 /* WeatherLustUITests.swift */ = {isa = PBXFileReference; lastKnownFileType = sourcecode.swift; path = WeatherLustUITests.swift; sourceTree = "<group>"; };
		00BBF2131F1C7D4700C0C4B5 /* Info.plist */ = {isa = PBXFileReference; lastKnownFileType = text.plist.xml; path = Info.plist; sourceTree = "<group>"; };
		2E400ED257D714FD534AA198 /* Pods_WeatherLustTests.framework */ = {isa = PBXFileReference; explicitFileType = wrapper.framework; includeInIndex = 0; path = Pods_WeatherLustTests.framework; sourceTree = BUILT_PRODUCTS_DIR; };
		2F5D2326F3DDD46B34AE16A0 /* Pods-WeatherLust.release.xcconfig */ = {isa = PBXFileReference; includeInIndex = 1; lastKnownFileType = text.xcconfig; name = "Pods-WeatherLust.release.xcconfig"; path = "Pods/Target Support Files/Pods-WeatherLust/Pods-WeatherLust.release.xcconfig"; sourceTree = "<group>"; };
		53C98B47A9E420D122F2F301 /* Pods-WeatherLustTests.debug.xcconfig */ = {isa = PBXFileReference; includeInIndex = 1; lastKnownFileType = text.xcconfig; name = "Pods-WeatherLustTests.debug.xcconfig"; path = "Pods/Target Support Files/Pods-WeatherLustTests/Pods-WeatherLustTests.debug.xcconfig"; sourceTree = "<group>"; };
		62CD0B34CEEA777EE0237BF6 /* Pods-WeatherLustUITests.debug.xcconfig */ = {isa = PBXFileReference; includeInIndex = 1; lastKnownFileType = text.xcconfig; name = "Pods-WeatherLustUITests.debug.xcconfig"; path = "Pods/Target Support Files/Pods-WeatherLustUITests/Pods-WeatherLustUITests.debug.xcconfig"; sourceTree = "<group>"; };
		69369CC61F1C759557ABE4A7 /* Pods_WeatherLustUITests.framework */ = {isa = PBXFileReference; explicitFileType = wrapper.framework; includeInIndex = 0; path = Pods_WeatherLustUITests.framework; sourceTree = BUILT_PRODUCTS_DIR; };
		704BD321F2F39D2AB32CF8A8 /* Pods-WeatherLustTests.release.xcconfig */ = {isa = PBXFileReference; includeInIndex = 1; lastKnownFileType = text.xcconfig; name = "Pods-WeatherLustTests.release.xcconfig"; path = "Pods/Target Support Files/Pods-WeatherLustTests/Pods-WeatherLustTests.release.xcconfig"; sourceTree = "<group>"; };
		A533759BBE229AC96CC7404F /* Pods-WeatherLust.debug.xcconfig */ = {isa = PBXFileReference; includeInIndex = 1; lastKnownFileType = text.xcconfig; name = "Pods-WeatherLust.debug.xcconfig"; path = "Pods/Target Support Files/Pods-WeatherLust/Pods-WeatherLust.debug.xcconfig"; sourceTree = "<group>"; };
		D6B6172BE0EEE817FF750B81 /* Pods-WeatherLustUITests.release.xcconfig */ = {isa = PBXFileReference; includeInIndex = 1; lastKnownFileType = text.xcconfig; name = "Pods-WeatherLustUITests.release.xcconfig"; path = "Pods/Target Support Files/Pods-WeatherLustUITests/Pods-WeatherLustUITests.release.xcconfig"; sourceTree = "<group>"; };
		DB92145D8C7ECC7712DE3414 /* Pods_WeatherLust.framework */ = {isa = PBXFileReference; explicitFileType = wrapper.framework; includeInIndex = 0; path = Pods_WeatherLust.framework; sourceTree = BUILT_PRODUCTS_DIR; };
/* End PBXFileReference section */

/* Begin PBXFrameworksBuildPhase section */
		00BBF1EB1F1C7D4700C0C4B5 /* Frameworks */ = {
			isa = PBXFrameworksBuildPhase;
			buildActionMask = 2147483647;
			files = (
				0D199C1F73911405641A3917 /* Pods_WeatherLust.framework in Frameworks */,
			);
			runOnlyForDeploymentPostprocessing = 0;
		};
		00BBF1FF1F1C7D4700C0C4B5 /* Frameworks */ = {
			isa = PBXFrameworksBuildPhase;
			buildActionMask = 2147483647;
			files = (
				8C954804EBEF7CA56B421FD1 /* Pods_WeatherLustTests.framework in Frameworks */,
			);
			runOnlyForDeploymentPostprocessing = 0;
		};
		00BBF20A1F1C7D4700C0C4B5 /* Frameworks */ = {
			isa = PBXFrameworksBuildPhase;
			buildActionMask = 2147483647;
			files = (
				FEAE322ED6F164C0A4F16217 /* Pods_WeatherLustUITests.framework in Frameworks */,
			);
			runOnlyForDeploymentPostprocessing = 0;
		};
/* End PBXFrameworksBuildPhase section */

/* Begin PBXGroup section */
		00BBF1E51F1C7D4700C0C4B5 = {
			isa = PBXGroup;
			children = (
				00BBF1F01F1C7D4700C0C4B5 /* WeatherLust */,
				00BBF2051F1C7D4700C0C4B5 /* WeatherLustTests */,
				00BBF2101F1C7D4700C0C4B5 /* WeatherLustUITests */,
				00BBF1EF1F1C7D4700C0C4B5 /* Products */,
				DC07A3C12A550889BDC68F1A /* Pods */,
				2F19CD1F17375C82967CA024 /* Frameworks */,
			);
			sourceTree = "<group>";
		};
		00BBF1EF1F1C7D4700C0C4B5 /* Products */ = {
			isa = PBXGroup;
			children = (
				00BBF1EE1F1C7D4700C0C4B5 /* WeatherLust.app */,
				00BBF2021F1C7D4700C0C4B5 /* WeatherLustTests.xctest */,
				00BBF20D1F1C7D4700C0C4B5 /* WeatherLustUITests.xctest */,
			);
			name = Products;
			sourceTree = "<group>";
		};
		00BBF1F01F1C7D4700C0C4B5 /* WeatherLust */ = {
			isa = PBXGroup;
			children = (
				00BBF1F11F1C7D4700C0C4B5 /* AppDelegate.swift */,
				00BBF1F31F1C7D4700C0C4B5 /* ViewController.swift */,
				00BBF1F51F1C7D4700C0C4B5 /* Main.storyboard */,
				00BBF1F81F1C7D4700C0C4B5 /* Assets.xcassets */,
				00BBF1FA1F1C7D4700C0C4B5 /* LaunchScreen.storyboard */,
				00BBF1FD1F1C7D4700C0C4B5 /* Info.plist */,
			);
			path = WeatherLust;
			sourceTree = "<group>";
		};
		00BBF2051F1C7D4700C0C4B5 /* WeatherLustTests */ = {
			isa = PBXGroup;
			children = (
				00BBF2061F1C7D4700C0C4B5 /* WeatherLustTests.swift */,
				00BBF2081F1C7D4700C0C4B5 /* Info.plist */,
			);
			path = WeatherLustTests;
			sourceTree = "<group>";
		};
		00BBF2101F1C7D4700C0C4B5 /* WeatherLustUITests */ = {
			isa = PBXGroup;
			children = (
				00BBF2111F1C7D4700C0C4B5 /* WeatherLustUITests.swift */,
				00BBF2131F1C7D4700C0C4B5 /* Info.plist */,
			);
			path = WeatherLustUITests;
			sourceTree = "<group>";
		};
		2F19CD1F17375C82967CA024 /* Frameworks */ = {
			isa = PBXGroup;
			children = (
				DB92145D8C7ECC7712DE3414 /* Pods_WeatherLust.framework */,
				2E400ED257D714FD534AA198 /* Pods_WeatherLustTests.framework */,
				69369CC61F1C759557ABE4A7 /* Pods_WeatherLustUITests.framework */,
			);
			name = Frameworks;
			sourceTree = "<group>";
		};
		DC07A3C12A550889BDC68F1A /* Pods */ = {
			isa = PBXGroup;
			children = (
				A533759BBE229AC96CC7404F /* Pods-WeatherLust.debug.xcconfig */,
				2F5D2326F3DDD46B34AE16A0 /* Pods-WeatherLust.release.xcconfig */,
				53C98B47A9E420D122F2F301 /* Pods-WeatherLustTests.debug.xcconfig */,
				704BD321F2F39D2AB32CF8A8 /* Pods-WeatherLustTests.release.xcconfig */,
				62CD0B34CEEA777EE0237BF6 /* Pods-WeatherLustUITests.debug.xcconfig */,
				D6B6172BE0EEE817FF750B81 /* Pods-WeatherLustUITests.release.xcconfig */,
			);
			name = Pods;
			sourceTree = "<group>";
		};
/* End PBXGroup section */

/* Begin PBXNativeTarget section */
		00BBF1ED1F1C7D4700C0C4B5 /* WeatherLust */ = {
			isa = PBXNativeTarget;
			buildConfigurationList = 00BBF2161F1C7D4700C0C4B5 /* Build configuration list for PBXNativeTarget "WeatherLust" */;
			buildPhases = (
				DA65DB7C7192E0A3D076F3B2 /* [CP] Check Pods Manifest.lock */,
				00BBF1EA1F1C7D4700C0C4B5 /* Sources */,
				00BBF1EB1F1C7D4700C0C4B5 /* Frameworks */,
				00BBF1EC1F1C7D4700C0C4B5 /* Resources */,
				90CA8734594CC0F3595C70F7 /* [CP] Embed Pods Frameworks */,
				300CAD3C61CE3B865F9EDE1C /* [CP] Copy Pods Resources */,
			);
			buildRules = (
			);
			dependencies = (
			);
			name = WeatherLust;
			productName = WeatherLust;
			productReference = 00BBF1EE1F1C7D4700C0C4B5 /* WeatherLust.app */;
			productType = "com.apple.product-type.application";
		};
		00BBF2011F1C7D4700C0C4B5 /* WeatherLustTests */ = {
			isa = PBXNativeTarget;
			buildConfigurationList = 00BBF2191F1C7D4700C0C4B5 /* Build configuration list for PBXNativeTarget "WeatherLustTests" */;
			buildPhases = (
				D23C367665F2B07C07CF14C2 /* [CP] Check Pods Manifest.lock */,
				00BBF1FE1F1C7D4700C0C4B5 /* Sources */,
				00BBF1FF1F1C7D4700C0C4B5 /* Frameworks */,
				00BBF2001F1C7D4700C0C4B5 /* Resources */,
				FB3CD4950A7C0EFE8B4A87FA /* [CP] Embed Pods Frameworks */,
				6516115C0E647A607E1A014A /* [CP] Copy Pods Resources */,
			);
			buildRules = (
			);
			dependencies = (
				00BBF2041F1C7D4700C0C4B5 /* PBXTargetDependency */,
			);
			name = WeatherLustTests;
			productName = WeatherLustTests;
			productReference = 00BBF2021F1C7D4700C0C4B5 /* WeatherLustTests.xctest */;
			productType = "com.apple.product-type.bundle.unit-test";
		};
		00BBF20C1F1C7D4700C0C4B5 /* WeatherLustUITests */ = {
			isa = PBXNativeTarget;
			buildConfigurationList = 00BBF21C1F1C7D4700C0C4B5 /* Build configuration list for PBXNativeTarget "WeatherLustUITests" */;
			buildPhases = (
				67111BEDA7F4F421C772974D /* [CP] Check Pods Manifest.lock */,
				00BBF2091F1C7D4700C0C4B5 /* Sources */,
				00BBF20A1F1C7D4700C0C4B5 /* Frameworks */,
				00BBF20B1F1C7D4700C0C4B5 /* Resources */,
				EB6129718A4C65C22B4E8D67 /* [CP] Embed Pods Frameworks */,
				F08C1A68ACEACA11DCFF7123 /* [CP] Copy Pods Resources */,
			);
			buildRules = (
			);
			dependencies = (
				00BBF20F1F1C7D4700C0C4B5 /* PBXTargetDependency */,
			);
			name = WeatherLustUITests;
			productName = WeatherLustUITests;
			productReference = 00BBF20D1F1C7D4700C0C4B5 /* WeatherLustUITests.xctest */;
			productType = "com.apple.product-type.bundle.ui-testing";
		};
/* End PBXNativeTarget section */

/* Begin PBXProject section */
		00BBF1E61F1C7D4700C0C4B5 /* Project object */ = {
			isa = PBXProject;
			attributes = {
				LastSwiftUpdateCheck = 0830;
				LastUpgradeCheck = 0830;
				ORGANIZATIONNAME = "Neil Deramchi";
				TargetAttributes = {
					00BBF1ED1F1C7D4700C0C4B5 = {
						CreatedOnToolsVersion = 8.3.3;
						ProvisioningStyle = Automatic;
					};
					00BBF2011F1C7D4700C0C4B5 = {
						CreatedOnToolsVersion = 8.3.3;
						ProvisioningStyle = Automatic;
						TestTargetID = 00BBF1ED1F1C7D4700C0C4B5;
					};
					00BBF20C1F1C7D4700C0C4B5 = {
						CreatedOnToolsVersion = 8.3.3;
						ProvisioningStyle = Automatic;
						TestTargetID = 00BBF1ED1F1C7D4700C0C4B5;
					};
				};
			};
			buildConfigurationList = 00BBF1E91F1C7D4700C0C4B5 /* Build configuration list for PBXProject "WeatherLust" */;
			compatibilityVersion = "Xcode 3.2";
			developmentRegion = English;
			hasScannedForEncodings = 0;
			knownRegions = (
				en,
				Base,
			);
			mainGroup = 00BBF1E51F1C7D4700C0C4B5;
			productRefGroup = 00BBF1EF1F1C7D4700C0C4B5 /* Products */;
			projectDirPath = "";
			projectRoot = "";
			targets = (
				00BBF1ED1F1C7D4700C0C4B5 /* WeatherLust */,
				00BBF2011F1C7D4700C0C4B5 /* WeatherLustTests */,
				00BBF20C1F1C7D4700C0C4B5 /* WeatherLustUITests */,
			);
		};
/* End PBXProject section */

/* Begin PBXResourcesBuildPhase section */
		00BBF1EC1F1C7D4700C0C4B5 /* Resources */ = {
			isa = PBXResourcesBuildPhase;
			buildActionMask = 2147483647;
			files = (
				00BBF1FC1F1C7D4700C0C4B5 /* LaunchScreen.storyboard in Resources */,
				00BBF1F91F1C7D4700C0C4B5 /* Assets.xcassets in Resources */,
				00BBF1F71F1C7D4700C0C4B5 /* Main.storyboard in Resources */,
			);
			runOnlyForDeploymentPostprocessing = 0;
		};
		00BBF2001F1C7D4700C0C4B5 /* Resources */ = {
			isa = PBXResourcesBuildPhase;
			buildActionMask = 2147483647;
			files = (
			);
			runOnlyForDeploymentPostprocessing = 0;
		};
		00BBF20B1F1C7D4700C0C4B5 /* Resources */ = {
			isa = PBXResourcesBuildPhase;
			buildActionMask = 2147483647;
			files = (
			);
			runOnlyForDeploymentPostprocessing = 0;
		};
/* End PBXResourcesBuildPhase section */

/* Begin PBXShellScriptBuildPhase section */
		300CAD3C61CE3B865F9EDE1C /* [CP] Copy Pods Resources */ = {
			isa = PBXShellScriptBuildPhase;
			buildActionMask = 2147483647;
			files = (
			);
			inputPaths = (
			);
			name = "[CP] Copy Pods Resources";
			outputPaths = (
			);
			runOnlyForDeploymentPostprocessing = 0;
			shellPath = /bin/sh;
			shellScript = "\"${SRCROOT}/Pods/Target Support Files/Pods-WeatherLust/Pods-WeatherLust-resources.sh\"\n";
			showEnvVarsInLog = 0;
		};
		6516115C0E647A607E1A014A /* [CP] Copy Pods Resources */ = {
			isa = PBXShellScriptBuildPhase;
			buildActionMask = 2147483647;
			files = (
			);
			inputPaths = (
			);
			name = "[CP] Copy Pods Resources";
			outputPaths = (
			);
			runOnlyForDeploymentPostprocessing = 0;
			shellPath = /bin/sh;
			shellScript = "\"${SRCROOT}/Pods/Target Support Files/Pods-WeatherLustTests/Pods-WeatherLustTests-resources.sh\"\n";
			showEnvVarsInLog = 0;
		};
		67111BEDA7F4F421C772974D /* [CP] Check Pods Manifest.lock */ = {
			isa = PBXShellScriptBuildPhase;
			buildActionMask = 2147483647;
			files = (
			);
			inputPaths = (
			);
			name = "[CP] Check Pods Manifest.lock";
			outputPaths = (
			);
			runOnlyForDeploymentPostprocessing = 0;
			shellPath = /bin/sh;
			shellScript = "diff \"${PODS_PODFILE_DIR_PATH}/Podfile.lock\" \"${PODS_ROOT}/Manifest.lock\" > /dev/null\nif [ $? != 0 ] ; then\n    # print error to STDERR\n    echo \"error: The sandbox is not in sync with the Podfile.lock. Run 'pod install' or update your CocoaPods installation.\" >&2\n    exit 1\nfi\n";
			showEnvVarsInLog = 0;
		};
		90CA8734594CC0F3595C70F7 /* [CP] Embed Pods Frameworks */ = {
			isa = PBXShellScriptBuildPhase;
			buildActionMask = 2147483647;
			files = (
			);
			inputPaths = (
			);
			name = "[CP] Embed Pods Frameworks";
			outputPaths = (
			);
			runOnlyForDeploymentPostprocessing = 0;
			shellPath = /bin/sh;
			shellScript = "\"${SRCROOT}/Pods/Target Support Files/Pods-WeatherLust/Pods-WeatherLust-frameworks.sh\"\n";
			showEnvVarsInLog = 0;
		};
		D23C367665F2B07C07CF14C2 /* [CP] Check Pods Manifest.lock */ = {
			isa = PBXShellScriptBuildPhase;
			buildActionMask = 2147483647;
			files = (
			);
			inputPaths = (
			);
			name = "[CP] Check Pods Manifest.lock";
			outputPaths = (
			);
			runOnlyForDeploymentPostprocessing = 0;
			shellPath = /bin/sh;
			shellScript = "diff \"${PODS_PODFILE_DIR_PATH}/Podfile.lock\" \"${PODS_ROOT}/Manifest.lock\" > /dev/null\nif [ $? != 0 ] ; then\n    # print error to STDERR\n    echo \"error: The sandbox is not in sync with the Podfile.lock. Run 'pod install' or update your CocoaPods installation.\" >&2\n    exit 1\nfi\n";
			showEnvVarsInLog = 0;
		};
		DA65DB7C7192E0A3D076F3B2 /* [CP] Check Pods Manifest.lock */ = {
			isa = PBXShellScriptBuildPhase;
			buildActionMask = 2147483647;
			files = (
			);
			inputPaths = (
			);
			name = "[CP] Check Pods Manifest.lock";
			outputPaths = (
			);
			runOnlyForDeploymentPostprocessing = 0;
			shellPath = /bin/sh;
			shellScript = "diff \"${PODS_PODFILE_DIR_PATH}/Podfile.lock\" \"${PODS_ROOT}/Manifest.lock\" > /dev/null\nif [ $? != 0 ] ; then\n    # print error to STDERR\n    echo \"error: The sandbox is not in sync with the Podfile.lock. Run 'pod install' or update your CocoaPods installation.\" >&2\n    exit 1\nfi\n";
			showEnvVarsInLog = 0;
		};
		EB6129718A4C65C22B4E8D67 /* [CP] Embed Pods Frameworks */ = {
			isa = PBXShellScriptBuildPhase;
			buildActionMask = 2147483647;
			files = (
			);
			inputPaths = (
			);
			name = "[CP] Embed Pods Frameworks";
			outputPaths = (
			);
			runOnlyForDeploymentPostprocessing = 0;
			shellPath = /bin/sh;
			shellScript = "\"${SRCROOT}/Pods/Target Support Files/Pods-WeatherLustUITests/Pods-WeatherLustUITests-frameworks.sh\"\n";
			showEnvVarsInLog = 0;
		};
		F08C1A68ACEACA11DCFF7123 /* [CP] Copy Pods Resources */ = {
			isa = PBXShellScriptBuildPhase;
			buildActionMask = 2147483647;
			files = (
			);
			inputPaths = (
			);
			name = "[CP] Copy Pods Resources";
			outputPaths = (
			);
			runOnlyForDeploymentPostprocessing = 0;
			shellPath = /bin/sh;
			shellScript = "\"${SRCROOT}/Pods/Target Support Files/Pods-WeatherLustUITests/Pods-WeatherLustUITests-resources.sh\"\n";
			showEnvVarsInLog = 0;
		};
		FB3CD4950A7C0EFE8B4A87FA /* [CP] Embed Pods Frameworks */ = {
			isa = PBXShellScriptBuildPhase;
			buildActionMask = 2147483647;
			files = (
			);
			inputPaths = (
			);
			name = "[CP] Embed Pods Frameworks";
			outputPaths = (
			);
			runOnlyForDeploymentPostprocessing = 0;
			shellPath = /bin/sh;
			shellScript = "\"${SRCROOT}/Pods/Target Support Files/Pods-WeatherLustTests/Pods-WeatherLustTests-frameworks.sh\"\n";
			showEnvVarsInLog = 0;
		};
/* End PBXShellScriptBuildPhase section */

/* Begin PBXSourcesBuildPhase section */
		00BBF1EA1F1C7D4700C0C4B5 /* Sources */ = {
			isa = PBXSourcesBuildPhase;
			buildActionMask = 2147483647;
			files = (
				00BBF1F41F1C7D4700C0C4B5 /* ViewController.swift in Sources */,
				00BBF1F21F1C7D4700C0C4B5 /* AppDelegate.swift in Sources */,
			);
			runOnlyForDeploymentPostprocessing = 0;
		};
		00BBF1FE1F1C7D4700C0C4B5 /* Sources */ = {
			isa = PBXSourcesBuildPhase;
			buildActionMask = 2147483647;
			files = (
				00BBF2071F1C7D4700C0C4B5 /* WeatherLustTests.swift in Sources */,
			);
			runOnlyForDeploymentPostprocessing = 0;
		};
		00BBF2091F1C7D4700C0C4B5 /* Sources */ = {
			isa = PBXSourcesBuildPhase;
			buildActionMask = 2147483647;
			files = (
				00BBF2121F1C7D4700C0C4B5 /* WeatherLustUITests.swift in Sources */,
			);
			runOnlyForDeploymentPostprocessing = 0;
		};
/* End PBXSourcesBuildPhase section */

/* Begin PBXTargetDependency section */
		00BBF2041F1C7D4700C0C4B5 /* PBXTargetDependency */ = {
			isa = PBXTargetDependency;
			target = 00BBF1ED1F1C7D4700C0C4B5 /* WeatherLust */;
			targetProxy = 00BBF2031F1C7D4700C0C4B5 /* PBXContainerItemProxy */;
		};
		00BBF20F1F1C7D4700C0C4B5 /* PBXTargetDependency */ = {
			isa = PBXTargetDependency;
			target = 00BBF1ED1F1C7D4700C0C4B5 /* WeatherLust */;
			targetProxy = 00BBF20E1F1C7D4700C0C4B5 /* PBXContainerItemProxy */;
		};
/* End PBXTargetDependency section */

/* Begin PBXVariantGroup section */
		00BBF1F51F1C7D4700C0C4B5 /* Main.storyboard */ = {
			isa = PBXVariantGroup;
			children = (
				00BBF1F61F1C7D4700C0C4B5 /* Base */,
			);
			name = Main.storyboard;
			sourceTree = "<group>";
		};
		00BBF1FA1F1C7D4700C0C4B5 /* LaunchScreen.storyboard */ = {
			isa = PBXVariantGroup;
			children = (
				00BBF1FB1F1C7D4700C0C4B5 /* Base */,
			);
			name = LaunchScreen.storyboard;
			sourceTree = "<group>";
		};
/* End PBXVariantGroup section */

/* Begin XCBuildConfiguration section */
		00BBF2141F1C7D4700C0C4B5 /* Debug */ = {
			isa = XCBuildConfiguration;
			buildSettings = {
				ALWAYS_SEARCH_USER_PATHS = NO;
				CLANG_ANALYZER_NONNULL = YES;
				CLANG_ANALYZER_NUMBER_OBJECT_CONVERSION = YES_AGGRESSIVE;
				CLANG_CXX_LANGUAGE_STANDARD = "gnu++0x";
				CLANG_CXX_LIBRARY = "libc++";
				CLANG_ENABLE_MODULES = YES;
				CLANG_ENABLE_OBJC_ARC = YES;
				CLANG_WARN_BOOL_CONVERSION = YES;
				CLANG_WARN_CONSTANT_CONVERSION = YES;
				CLANG_WARN_DIRECT_OBJC_ISA_USAGE = YES_ERROR;
				CLANG_WARN_DOCUMENTATION_COMMENTS = YES;
				CLANG_WARN_EMPTY_BODY = YES;
				CLANG_WARN_ENUM_CONVERSION = YES;
				CLANG_WARN_INFINITE_RECURSION = YES;
				CLANG_WARN_INT_CONVERSION = YES;
				CLANG_WARN_OBJC_ROOT_CLASS = YES_ERROR;
				CLANG_WARN_SUSPICIOUS_MOVE = YES;
				CLANG_WARN_UNREACHABLE_CODE = YES;
				CLANG_WARN__DUPLICATE_METHOD_MATCH = YES;
				"CODE_SIGN_IDENTITY[sdk=iphoneos*]" = "iPhone Developer";
				COPY_PHASE_STRIP = NO;
				DEBUG_INFORMATION_FORMAT = dwarf;
				ENABLE_STRICT_OBJC_MSGSEND = YES;
				ENABLE_TESTABILITY = YES;
				GCC_C_LANGUAGE_STANDARD = gnu99;
				GCC_DYNAMIC_NO_PIC = NO;
				GCC_NO_COMMON_BLOCKS = YES;
				GCC_OPTIMIZATION_LEVEL = 0;
				GCC_PREPROCESSOR_DEFINITIONS = (
					"DEBUG=1",
					"$(inherited)",
				);
				GCC_WARN_64_TO_32_BIT_CONVERSION = YES;
				GCC_WARN_ABOUT_RETURN_TYPE = YES_ERROR;
				GCC_WARN_UNDECLARED_SELECTOR = YES;
				GCC_WARN_UNINITIALIZED_AUTOS = YES_AGGRESSIVE;
				GCC_WARN_UNUSED_FUNCTION = YES;
				GCC_WARN_UNUSED_VARIABLE = YES;
				IPHONEOS_DEPLOYMENT_TARGET = 10.3;
				MTL_ENABLE_DEBUG_INFO = YES;
				ONLY_ACTIVE_ARCH = YES;
				SDKROOT = iphoneos;
				SWIFT_ACTIVE_COMPILATION_CONDITIONS = DEBUG;
				SWIFT_OPTIMIZATION_LEVEL = "-Onone";
				TARGETED_DEVICE_FAMILY = "1,2";
			};
			name = Debug;
		};
		00BBF2151F1C7D4700C0C4B5 /* Release */ = {
			isa = XCBuildConfiguration;
			buildSettings = {
				ALWAYS_SEARCH_USER_PATHS = NO;
				CLANG_ANALYZER_NONNULL = YES;
				CLANG_ANALYZER_NUMBER_OBJECT_CONVERSION = YES_AGGRESSIVE;
				CLANG_CXX_LANGUAGE_STANDARD = "gnu++0x";
				CLANG_CXX_LIBRARY = "libc++";
				CLANG_ENABLE_MODULES = YES;
				CLANG_ENABLE_OBJC_ARC = YES;
				CLANG_WARN_BOOL_CONVERSION = YES;
				CLANG_WARN_CONSTANT_CONVERSION = YES;
				CLANG_WARN_DIRECT_OBJC_ISA_USAGE = YES_ERROR;
				CLANG_WARN_DOCUMENTATION_COMMENTS = YES;
				CLANG_WARN_EMPTY_BODY = YES;
				CLANG_WARN_ENUM_CONVERSION = YES;
				CLANG_WARN_INFINITE_RECURSION = YES;
				CLANG_WARN_INT_CONVERSION = YES;
				CLANG_WARN_OBJC_ROOT_CLASS = YES_ERROR;
				CLANG_WARN_SUSPICIOUS_MOVE = YES;
				CLANG_WARN_UNREACHABLE_CODE = YES;
				CLANG_WARN__DUPLICATE_METHOD_MATCH = YES;
				"CODE_SIGN_IDENTITY[sdk=iphoneos*]" = "iPhone Developer";
				COPY_PHASE_STRIP = NO;
				DEBUG_INFORMATION_FORMAT = "dwarf-with-dsym";
				ENABLE_NS_ASSERTIONS = NO;
				ENABLE_STRICT_OBJC_MSGSEND = YES;
				GCC_C_LANGUAGE_STANDARD = gnu99;
				GCC_NO_COMMON_BLOCKS = YES;
				GCC_WARN_64_TO_32_BIT_CONVERSION = YES;
				GCC_WARN_ABOUT_RETURN_TYPE = YES_ERROR;
				GCC_WARN_UNDECLARED_SELECTOR = YES;
				GCC_WARN_UNINITIALIZED_AUTOS = YES_AGGRESSIVE;
				GCC_WARN_UNUSED_FUNCTION = YES;
				GCC_WARN_UNUSED_VARIABLE = YES;
				IPHONEOS_DEPLOYMENT_TARGET = 10.3;
				MTL_ENABLE_DEBUG_INFO = NO;
				SDKROOT = iphoneos;
				SWIFT_OPTIMIZATION_LEVEL = "-Owholemodule";
				TARGETED_DEVICE_FAMILY = "1,2";
				VALIDATE_PRODUCT = YES;
			};
			name = Release;
		};
		00BBF2171F1C7D4700C0C4B5 /* Debug */ = {
			isa = XCBuildConfiguration;
			baseConfigurationReference = A533759BBE229AC96CC7404F /* Pods-WeatherLust.debug.xcconfig */;
			buildSettings = {
				ASSETCATALOG_COMPILER_APPICON_NAME = AppIcon;
				INFOPLIST_FILE = WeatherLust/Info.plist;
				LD_RUNPATH_SEARCH_PATHS = "$(inherited) @executable_path/Frameworks";
				PRODUCT_BUNDLE_IDENTIFIER = nderamchi.WeatherLust;
				PRODUCT_NAME = "$(TARGET_NAME)";
				SWIFT_VERSION = 3.0;
			};
			name = Debug;
		};
		00BBF2181F1C7D4700C0C4B5 /* Release */ = {
			isa = XCBuildConfiguration;
			baseConfigurationReference = 2F5D2326F3DDD46B34AE16A0 /* Pods-WeatherLust.release.xcconfig */;
			buildSettings = {
				ASSETCATALOG_COMPILER_APPICON_NAME = AppIcon;
				INFOPLIST_FILE = WeatherLust/Info.plist;
				LD_RUNPATH_SEARCH_PATHS = "$(inherited) @executable_path/Frameworks";
				PRODUCT_BUNDLE_IDENTIFIER = nderamchi.WeatherLust;
				PRODUCT_NAME = "$(TARGET_NAME)";
				SWIFT_VERSION = 3.0;
			};
			name = Release;
		};
		00BBF21A1F1C7D4700C0C4B5 /* Debug */ = {
			isa = XCBuildConfiguration;
			baseConfigurationReference = 53C98B47A9E420D122F2F301 /* Pods-WeatherLustTests.debug.xcconfig */;
			buildSettings = {
				ALWAYS_EMBED_SWIFT_STANDARD_LIBRARIES = YES;
				BUNDLE_LOADER = "$(TEST_HOST)";
				INFOPLIST_FILE = WeatherLustTests/Info.plist;
				LD_RUNPATH_SEARCH_PATHS = "$(inherited) @executable_path/Frameworks @loader_path/Frameworks";
				PRODUCT_BUNDLE_IDENTIFIER = nderamchi.WeatherLustTests;
				PRODUCT_NAME = "$(TARGET_NAME)";
				SWIFT_VERSION = 3.0;
				TEST_HOST = "$(BUILT_PRODUCTS_DIR)/WeatherLust.app/WeatherLust";
			};
			name = Debug;
		};
		00BBF21B1F1C7D4700C0C4B5 /* Release */ = {
			isa = XCBuildConfiguration;
			baseConfigurationReference = 704BD321F2F39D2AB32CF8A8 /* Pods-WeatherLustTests.release.xcconfig */;
			buildSettings = {
				ALWAYS_EMBED_SWIFT_STANDARD_LIBRARIES = YES;
				BUNDLE_LOADER = "$(TEST_HOST)";
				INFOPLIST_FILE = WeatherLustTests/Info.plist;
				LD_RUNPATH_SEARCH_PATHS = "$(inherited) @executable_path/Frameworks @loader_path/Frameworks";
				PRODUCT_BUNDLE_IDENTIFIER = nderamchi.WeatherLustTests;
				PRODUCT_NAME = "$(TARGET_NAME)";
				SWIFT_VERSION = 3.0;
				TEST_HOST = "$(BUILT_PRODUCTS_DIR)/WeatherLust.app/WeatherLust";
			};
			name = Release;
		};
		00BBF21D1F1C7D4700C0C4B5 /* Debug */ = {
			isa = XCBuildConfiguration;
			baseConfigurationReference = 62CD0B34CEEA777EE0237BF6 /* Pods-WeatherLustUITests.debug.xcconfig */;
			buildSettings = {
				ALWAYS_EMBED_SWIFT_STANDARD_LIBRARIES = YES;
				INFOPLIST_FILE = WeatherLustUITests/Info.plist;
				LD_RUNPATH_SEARCH_PATHS = "$(inherited) @executable_path/Frameworks @loader_path/Frameworks";
				PRODUCT_BUNDLE_IDENTIFIER = nderamchi.WeatherLustUITests;
				PRODUCT_NAME = "$(TARGET_NAME)";
				SWIFT_VERSION = 3.0;
				TEST_TARGET_NAME = WeatherLust;
			};
			name = Debug;
		};
		00BBF21E1F1C7D4700C0C4B5 /* Release */ = {
			isa = XCBuildConfiguration;
			baseConfigurationReference = D6B6172BE0EEE817FF750B81 /* Pods-WeatherLustUITests.release.xcconfig */;
			buildSettings = {
				ALWAYS_EMBED_SWIFT_STANDARD_LIBRARIES = YES;
				INFOPLIST_FILE = WeatherLustUITests/Info.plist;
				LD_RUNPATH_SEARCH_PATHS = "$(inherited) @executable_path/Frameworks @loader_path/Frameworks";
				PRODUCT_BUNDLE_IDENTIFIER = nderamchi.WeatherLustUITests;
				PRODUCT_NAME = "$(TARGET_NAME)";
				SWIFT_VERSION = 3.0;
				TEST_TARGET_NAME = WeatherLust;
			};
			name = Release;
		};
/* End XCBuildConfiguration section */

/* Begin XCConfigurationList section */
		00BBF1E91F1C7D4700C0C4B5 /* Build configuration list for PBXProject "WeatherLust" */ = {
			isa = XCConfigurationList;
			buildConfigurations = (
				00BBF2141F1C7D4700C0C4B5 /* Debug */,
				00BBF2151F1C7D4700C0C4B5 /* Release */,
			);
			defaultConfigurationIsVisible = 0;
			defaultConfigurationName = Release;
		};
		00BBF2161F1C7D4700C0C4B5 /* Build configuration list for PBXNativeTarget "WeatherLust" */ = {
			isa = XCConfigurationList;
			buildConfigurations = (
				00BBF2171F1C7D4700C0C4B5 /* Debug */,
				00BBF2181F1C7D4700C0C4B5 /* Release */,
			);
			defaultConfigurationIsVisible = 0;
		};
		00BBF2191F1C7D4700C0C4B5 /* Build configuration list for PBXNativeTarget "WeatherLustTests" */ = {
			isa = XCConfigurationList;
			buildConfigurations = (
				00BBF21A1F1C7D4700C0C4B5 /* Debug */,
				00BBF21B1F1C7D4700C0C4B5 /* Release */,
			);
			defaultConfigurationIsVisible = 0;
		};
		00BBF21C1F1C7D4700C0C4B5 /* Build configuration list for PBXNativeTarget "WeatherLustUITests" */ = {
			isa = XCConfigurationList;
			buildConfigurations = (
				00BBF21D1F1C7D4700C0C4B5 /* Debug */,
				00BBF21E1F1C7D4700C0C4B5 /* Release */,
			);
			defaultConfigurationIsVisible = 0;
		};
/* End XCConfigurationList section */
	};
	rootObject = 00BBF1E61F1C7D4700C0C4B5 /* Project object */;
}
